<?xml version="1.0" encoding="utf-8"?>
<Project ToolsVersion="4.0" xmlns="http://schemas.microsoft.com/developer/msbuild/2003">
  <ItemGroup>
    <Filter Include="Ananas">
      <UniqueIdentifier>{B7EE7BA7-A390-A67D-8C4B-BAD1788C2DCE}</UniqueIdentifier>
    </Filter>
  </ItemGroup>
  <ItemGroup>
    <ClInclude Include="src\Ananas.h" />
    <ClInclude Include="src\Ananas\Application.h">
      <Filter>Ananas</Filter>
    </ClInclude>
    <ClInclude Include="src\Ananas\Core.h">
      <Filter>Ananas</Filter>
    </ClInclude>
    <ClInclude Include="src\Ananas\EntryPoint.h">
      <Filter>Ananas</Filter>
    </ClInclude>
    <ClInclude Include="src\Ananas\Log.h">
      <Filter>Ananas</Filter>
    </ClInclude>
  </ItemGroup>
  <ItemGroup>
    <ClCompile Include="src\Ananas\Application.cpp">
      <Filter>Ananas</Filter>
    </ClCompile>
    <ClCompile Include="src\Ananas\Log.cpp">
      <Filter>Ananas</Filter>
    </ClCompile>
  </ItemGroup>
</Project>